
Microsoft Visual Studio Solution File, Format Version 12.00
Project("{2150E333-8FDC-42A3-9474-1A3956D46DE8}") = "source", "source", "{B3A809CF-ED1C-4540-90E4-95E8B2D34FDE}"
EndProject
Project("{2150E333-8FDC-42A3-9474-1A3956D46DE8}") = "external", "external", "{4A83DFB9-79EF-48B3-8856-083F28A63E16}"
ProjectSection(SolutionItems) = preProject
	..\external\Pages\ExternalPageNoVM.xaml = ..\external\Pages\ExternalPageNoVM.xaml
	..\external\Pages\ExternalPageSimpleVM.xaml = ..\external\Pages\ExternalPageSimpleVM.xaml
EndProjectSection
EndProject
Project("{FAE04EC0-301F-11D3-BF4B-00C04F79EFBC}") = "acme.bar.plainui", "sources\acme.bar.plainui\acme.bar.plainui.csproj", "{E0D8AB12-0B32-452A-8545-AD43FD2E0CF1}"
EndProject
Project("{FAE04EC0-301F-11D3-BF4B-00C04F79EFBC}") = "acme.foo.plainui", "sources\acme.foo.plainui\acme.foo.plainui.csproj", "{B224CF51-3B31-45D1-B475-1C33FE45A45F}"
EndProject
Project("{2150E333-8FDC-42A3-9474-1A3956D46DE8}") = "1-Codebehind-Navigation", "1-Codebehind-Navigation", "{6E0D6EF2-DE97-4FB1-9E60-C6FB4D478792}"
EndProject
Project("{2150E333-8FDC-42A3-9474-1A3956D46DE8}") = "2-Services-Monolith", "2-Services-Monolith", "{B5D93BA7-D882-4E81-9D3B-E9C067129D5B}"
EndProject
Project("{2150E333-8FDC-42A3-9474-1A3956D46DE8}") = "3-Navigation-Modular", "3-Navigation-Modular", "{BD647BB0-81E1-4124-9EA6-5D7A84AD08BD}"
EndProject
Project("{FAE04EC0-301F-11D3-BF4B-00C04F79EFBC}") = "wpf-codebehind-external-nav", "sources\1-codebehind-navigation\codebehind-external-nav\wpf-codebehind-external-nav.csproj", "{45272075-277A-44D4-B1ED-6CB67315BF33}"
EndProject
Project("{FAE04EC0-301F-11D3-BF4B-00C04F79EFBC}") = "wpf-codebehind-nav", "sources\1-codebehind-navigation\codebehind-nav\wpf-codebehind-nav.csproj", "{55BDAA33-A940-4E74-B76B-AFE3A11E4F23}"
EndProject
Project("{FAE04EC0-301F-11D3-BF4B-00C04F79EFBC}") = "monolith-nav", "sources\2-services-monolith\monolith-nav\monolith-nav.csproj", "{F9B3B225-1D49-4CC4-B545-78BD6C8BB238}"
EndProject
Project("{FAE04EC0-301F-11D3-BF4B-00C04F79EFBC}") = "external-page-lib", "sources\shared\external-page-lib\external-page-lib.csproj", "{33C62D43-F4C9-4E36-9534-0DA66E12CD30}"
EndProject
Project("{FAE04EC0-301F-11D3-BF4B-00C04F79EFBC}") = "monolith-route-nav", "sources\2-services-monolith\monolith-route-nav\monolith-route-nav.csproj", "{A53ED5D9-6A67-403B-A262-2B89B3E8D82C}"
EndProject
Project("{FAE04EC0-301F-11D3-BF4B-00C04F79EFBC}") = "monolith-route-nav-tests", "sources\2-services-monolith\monolith-route-nav-tests\monolith-route-nav-tests.csproj", "{9CA33688-632D-47B8-A744-70D3B6AE08F4}"
EndProject
Project("{2150E333-8FDC-42A3-9474-1A3956D46DE8}") = "tdd", "tdd", "{96F491B0-FC76-41C3-9B8E-40C2568DCE72}"
EndProject
Project("{FAE04EC0-301F-11D3-BF4B-00C04F79EFBC}") = "wpf-tdd", "tdd\wpf-tdd\wpf-tdd.csproj", "{6DCFA829-0437-4180-A85B-958AB889446D}"
EndProject
Global
	GlobalSection(SolutionConfigurationPlatforms) = preSolution
		Debug|Any CPU = Debug|Any CPU
		Release|Any CPU = Release|Any CPU
	EndGlobalSection
	GlobalSection(ProjectConfigurationPlatforms) = postSolution
		{E0D8AB12-0B32-452A-8545-AD43FD2E0CF1}.Debug|Any CPU.ActiveCfg = Debug|Any CPU
		{E0D8AB12-0B32-452A-8545-AD43FD2E0CF1}.Debug|Any CPU.Build.0 = Debug|Any CPU
		{E0D8AB12-0B32-452A-8545-AD43FD2E0CF1}.Release|Any CPU.ActiveCfg = Release|Any CPU
		{E0D8AB12-0B32-452A-8545-AD43FD2E0CF1}.Release|Any CPU.Build.0 = Release|Any CPU
		{B224CF51-3B31-45D1-B475-1C33FE45A45F}.Debug|Any CPU.ActiveCfg = Debug|Any CPU
		{B224CF51-3B31-45D1-B475-1C33FE45A45F}.Debug|Any CPU.Build.0 = Debug|Any CPU
		{B224CF51-3B31-45D1-B475-1C33FE45A45F}.Release|Any CPU.ActiveCfg = Release|Any CPU
		{B224CF51-3B31-45D1-B475-1C33FE45A45F}.Release|Any CPU.Build.0 = Release|Any CPU
		{45272075-277A-44D4-B1ED-6CB67315BF33}.Debug|Any CPU.ActiveCfg = Debug|Any CPU
		{45272075-277A-44D4-B1ED-6CB67315BF33}.Debug|Any CPU.Build.0 = Debug|Any CPU
		{45272075-277A-44D4-B1ED-6CB67315BF33}.Release|Any CPU.ActiveCfg = Release|Any CPU
		{45272075-277A-44D4-B1ED-6CB67315BF33}.Release|Any CPU.Build.0 = Release|Any CPU
		{55BDAA33-A940-4E74-B76B-AFE3A11E4F23}.Debug|Any CPU.ActiveCfg = Debug|Any CPU
		{55BDAA33-A940-4E74-B76B-AFE3A11E4F23}.Debug|Any CPU.Build.0 = Debug|Any CPU
		{55BDAA33-A940-4E74-B76B-AFE3A11E4F23}.Release|Any CPU.ActiveCfg = Release|Any CPU
		{55BDAA33-A940-4E74-B76B-AFE3A11E4F23}.Release|Any CPU.Build.0 = Release|Any CPU
		{F9B3B225-1D49-4CC4-B545-78BD6C8BB238}.Debug|Any CPU.ActiveCfg = Debug|Any CPU
		{F9B3B225-1D49-4CC4-B545-78BD6C8BB238}.Debug|Any CPU.Build.0 = Debug|Any CPU
		{F9B3B225-1D49-4CC4-B545-78BD6C8BB238}.Release|Any CPU.ActiveCfg = Release|Any CPU
		{F9B3B225-1D49-4CC4-B545-78BD6C8BB238}.Release|Any CPU.Build.0 = Release|Any CPU
		{33C62D43-F4C9-4E36-9534-0DA66E12CD30}.Debug|Any CPU.ActiveCfg = Debug|Any CPU
		{33C62D43-F4C9-4E36-9534-0DA66E12CD30}.Debug|Any CPU.Build.0 = Debug|Any CPU
		{33C62D43-F4C9-4E36-9534-0DA66E12CD30}.Release|Any CPU.ActiveCfg = Release|Any CPU
		{33C62D43-F4C9-4E36-9534-0DA66E12CD30}.Release|Any CPU.Build.0 = Release|Any CPU
		{A53ED5D9-6A67-403B-A262-2B89B3E8D82C}.Debug|Any CPU.ActiveCfg = Debug|Any CPU
		{A53ED5D9-6A67-403B-A262-2B89B3E8D82C}.Debug|Any CPU.Build.0 = Debug|Any CPU
		{A53ED5D9-6A67-403B-A262-2B89B3E8D82C}.Release|Any CPU.ActiveCfg = Release|Any CPU
		{A53ED5D9-6A67-403B-A262-2B89B3E8D82C}.Release|Any CPU.Build.0 = Release|Any CPU
		{9CA33688-632D-47B8-A744-70D3B6AE08F4}.Debug|Any CPU.ActiveCfg = Debug|Any CPU
		{9CA33688-632D-47B8-A744-70D3B6AE08F4}.Debug|Any CPU.Build.0 = Debug|Any CPU
		{9CA33688-632D-47B8-A744-70D3B6AE08F4}.Release|Any CPU.ActiveCfg = Release|Any CPU
		{9CA33688-632D-47B8-A744-70D3B6AE08F4}.Release|Any CPU.Build.0 = Release|Any CPU
		{6DCFA829-0437-4180-A85B-958AB889446D}.Debug|Any CPU.ActiveCfg = Debug|Any CPU
		{6DCFA829-0437-4180-A85B-958AB889446D}.Debug|Any CPU.Build.0 = Debug|Any CPU
		{6DCFA829-0437-4180-A85B-958AB889446D}.Release|Any CPU.ActiveCfg = Release|Any CPU
		{6DCFA829-0437-4180-A85B-958AB889446D}.Release|Any CPU.Build.0 = Release|Any CPU
	EndGlobalSection
	GlobalSection(NestedProjects) = preSolution
		{E0D8AB12-0B32-452A-8545-AD43FD2E0CF1} = {B3A809CF-ED1C-4540-90E4-95E8B2D34FDE}
		{B224CF51-3B31-45D1-B475-1C33FE45A45F} = {B3A809CF-ED1C-4540-90E4-95E8B2D34FDE}
		{6E0D6EF2-DE97-4FB1-9E60-C6FB4D478792} = {B3A809CF-ED1C-4540-90E4-95E8B2D34FDE}
		{B5D93BA7-D882-4E81-9D3B-E9C067129D5B} = {B3A809CF-ED1C-4540-90E4-95E8B2D34FDE}
		{BD647BB0-81E1-4124-9EA6-5D7A84AD08BD} = {B3A809CF-ED1C-4540-90E4-95E8B2D34FDE}
		{45272075-277A-44D4-B1ED-6CB67315BF33} = {6E0D6EF2-DE97-4FB1-9E60-C6FB4D478792}
		{55BDAA33-A940-4E74-B76B-AFE3A11E4F23} = {6E0D6EF2-DE97-4FB1-9E60-C6FB4D478792}
		{F9B3B225-1D49-4CC4-B545-78BD6C8BB238} = {B5D93BA7-D882-4E81-9D3B-E9C067129D5B}
		{33C62D43-F4C9-4E36-9534-0DA66E12CD30} = {B3A809CF-ED1C-4540-90E4-95E8B2D34FDE}
		{A53ED5D9-6A67-403B-A262-2B89B3E8D82C} = {B5D93BA7-D882-4E81-9D3B-E9C067129D5B}
		{9CA33688-632D-47B8-A744-70D3B6AE08F4} = {B5D93BA7-D882-4E81-9D3B-E9C067129D5B}
		{6DCFA829-0437-4180-A85B-958AB889446D} = {96F491B0-FC76-41C3-9B8E-40C2568DCE72}
	EndGlobalSection
EndGlobal
